
Microsoft Visual Studio Solution File, Format Version 12.00
# Visual Studio Version 17
VisualStudioVersion = 17.7.34202.233
MinimumVisualStudioVersion = 10.0.40219.1
Project("{FAE04EC0-301F-11D3-BF4B-00C04F79EFBC}") = "bilet_meneger", "bilet_meneger\bilet_meneger.csproj", "{7D70A15B-BF1C-4306-93BC-6F8B08CF0A49}"
EndProject
Global
	GlobalSection(SolutionConfigurationPlatforms) = preSolution
		Debug|Any CPU = Debug|Any CPU
		Release|Any CPU = Release|Any CPU
	EndGlobalSection
	GlobalSection(ProjectConfigurationPlatforms) = postSolution
		{7D70A15B-BF1C-4306-93BC-6F8B08CF0A49}.Debug|Any CPU.ActiveCfg = Debug|Any CPU
		{7D70A15B-BF1C-4306-93BC-6F8B08CF0A49}.Debug|Any CPU.Build.0 = Debug|Any CPU
		{7D70A15B-BF1C-4306-93BC-6F8B08CF0A49}.Release|Any CPU.ActiveCfg = Release|Any CPU
		{7D70A15B-BF1C-4306-93BC-6F8B08CF0A49}.Release|Any CPU.Build.0 = Release|Any CPU
	EndGlobalSection
	GlobalSection(SolutionProperties) = preSolution
		HideSolutionNode = FALSE
	EndGlobalSection
	GlobalSection(ExtensibilityGlobals) = postSolution
		SolutionGuid = {3BA89D2E-78E9-40F7-8FA7-688C00B20F74}
	EndGlobalSection
EndGlobal
